// !$*UTF8*$!
{
	archiveVersion = 1;
	classes = {
	};
	objectVersion = 56;
	objects = {

/* Begin PBXBuildFile section */
		E231656C299E3DFB0039F6D4 /* Ping Pong.app in Embed Watch Content */ = {isa = PBXBuildFile; fileRef = E231656B299E3DFB0039F6D4 /* Ping Pong.app */; settings = {ATTRIBUTES = (RemoveHeadersOnCopy, ); }; };
		E2316571299E3DFB0039F6D4 /* Table_Tennis_ScoreApp.swift in Sources */ = {isa = PBXBuildFile; fileRef = E2316570299E3DFB0039F6D4 /* Table_Tennis_ScoreApp.swift */; };
		E2316573299E3DFB0039F6D4 /* ContentView.swift in Sources */ = {isa = PBXBuildFile; fileRef = E2316572299E3DFB0039F6D4 /* ContentView.swift */; };
		E2316575299E3DFC0039F6D4 /* Assets.xcassets in Resources */ = {isa = PBXBuildFile; fileRef = E2316574299E3DFC0039F6D4 /* Assets.xcassets */; };
		E2316578299E3DFC0039F6D4 /* Preview Assets.xcassets in Resources */ = {isa = PBXBuildFile; fileRef = E2316577299E3DFC0039F6D4 /* Preview Assets.xcassets */; };
		E2316583299E49530039F6D4 /* TableTennisScoreRepository.swift in Sources */ = {isa = PBXBuildFile; fileRef = E2316582299E49530039F6D4 /* TableTennisScoreRepository.swift */; };
/* End PBXBuildFile section */

/* Begin PBXContainerItemProxy section */
		E231656D299E3DFB0039F6D4 /* PBXContainerItemProxy */ = {
			isa = PBXContainerItemProxy;
			containerPortal = E231655F299E3DFB0039F6D4 /* Project object */;
			proxyType = 1;
			remoteGlobalIDString = E231656A299E3DFB0039F6D4;
			remoteInfo = "Table Tennis Score Watch App";
		};
/* End PBXContainerItemProxy section */

/* Begin PBXCopyFilesBuildPhase section */
		E231657E299E3DFC0039F6D4 /* Embed Watch Content */ = {
			isa = PBXCopyFilesBuildPhase;
			buildActionMask = 2147483647;
			dstPath = "$(CONTENTS_FOLDER_PATH)/Watch";
			dstSubfolderSpec = 16;
			files = (
				E231656C299E3DFB0039F6D4 /* Ping Pong.app in Embed Watch Content */,
			);
			name = "Embed Watch Content";
			runOnlyForDeploymentPostprocessing = 0;
		};
/* End PBXCopyFilesBuildPhase section */

/* Begin PBXFileReference section */
		E2316565299E3DFB0039F6D4 /* Table Tennis Score.app */ = {isa = PBXFileReference; explicitFileType = wrapper.application; includeInIndex = 0; path = "Table Tennis Score.app"; sourceTree = BUILT_PRODUCTS_DIR; };
		E231656B299E3DFB0039F6D4 /* Ping Pong.app */ = {isa = PBXFileReference; explicitFileType = wrapper.application; includeInIndex = 0; path = "Ping Pong.app"; sourceTree = BUILT_PRODUCTS_DIR; };
		E2316570299E3DFB0039F6D4 /* Table_Tennis_ScoreApp.swift */ = {isa = PBXFileReference; lastKnownFileType = sourcecode.swift; path = Table_Tennis_ScoreApp.swift; sourceTree = "<group>"; };
		E2316572299E3DFB0039F6D4 /* ContentView.swift */ = {isa = PBXFileReference; lastKnownFileType = sourcecode.swift; path = ContentView.swift; sourceTree = "<group>"; };
		E2316574299E3DFC0039F6D4 /* Assets.xcassets */ = {isa = PBXFileReference; lastKnownFileType = folder.assetcatalog; path = Assets.xcassets; sourceTree = "<group>"; };
		E2316577299E3DFC0039F6D4 /* Preview Assets.xcassets */ = {isa = PBXFileReference; lastKnownFileType = folder.assetcatalog; path = "Preview Assets.xcassets"; sourceTree = "<group>"; };
		E2316582299E49530039F6D4 /* TableTennisScoreRepository.swift */ = {isa = PBXFileReference; lastKnownFileType = sourcecode.swift; path = TableTennisScoreRepository.swift; sourceTree = "<group>"; };
		E27D92A429A0F3C400E2709A /* Table-Tennis-Score-Watch-App-Info.plist */ = {isa = PBXFileReference; lastKnownFileType = text.plist; path = "Table-Tennis-Score-Watch-App-Info.plist"; sourceTree = SOURCE_ROOT; };
/* End PBXFileReference section */

/* Begin PBXFrameworksBuildPhase section */
		E2316568299E3DFB0039F6D4 /* Frameworks */ = {
			isa = PBXFrameworksBuildPhase;
			buildActionMask = 2147483647;
			files = (
			);
			runOnlyForDeploymentPostprocessing = 0;
		};
/* End PBXFrameworksBuildPhase section */

/* Begin PBXGroup section */
		E231655E299E3DFB0039F6D4 = {
			isa = PBXGroup;
			children = (
				E231656F299E3DFB0039F6D4 /* Table Tennis Score Watch App */,
				E2316566299E3DFB0039F6D4 /* Products */,
			);
			sourceTree = "<group>";
		};
		E2316566299E3DFB0039F6D4 /* Products */ = {
			isa = PBXGroup;
			children = (
				E2316565299E3DFB0039F6D4 /* Table Tennis Score.app */,
				E231656B299E3DFB0039F6D4 /* Ping Pong.app */,
			);
			name = Products;
			sourceTree = "<group>";
		};
		E231656F299E3DFB0039F6D4 /* Table Tennis Score Watch App */ = {
			isa = PBXGroup;
			children = (
				E27D92A429A0F3C400E2709A /* Table-Tennis-Score-Watch-App-Info.plist */,
				E2316570299E3DFB0039F6D4 /* Table_Tennis_ScoreApp.swift */,
				E2316572299E3DFB0039F6D4 /* ContentView.swift */,
				E2316582299E49530039F6D4 /* TableTennisScoreRepository.swift */,
				E2316574299E3DFC0039F6D4 /* Assets.xcassets */,
				E2316576299E3DFC0039F6D4 /* Preview Content */,
			);
			path = "Table Tennis Score Watch App";
			sourceTree = "<group>";
		};
		E2316576299E3DFC0039F6D4 /* Preview Content */ = {
			isa = PBXGroup;
			children = (
				E2316577299E3DFC0039F6D4 /* Preview Assets.xcassets */,
			);
			path = "Preview Content";
			sourceTree = "<group>";
		};
/* End PBXGroup section */

/* Begin PBXNativeTarget section */
		E2316564299E3DFB0039F6D4 /* Table Tennis Score */ = {
			isa = PBXNativeTarget;
			buildConfigurationList = E231657F299E3DFC0039F6D4 /* Build configuration list for PBXNativeTarget "Table Tennis Score" */;
			buildPhases = (
				E2316563299E3DFB0039F6D4 /* Resources */,
				E231657E299E3DFC0039F6D4 /* Embed Watch Content */,
			);
			buildRules = (
			);
			dependencies = (
				E231656E299E3DFB0039F6D4 /* PBXTargetDependency */,
			);
			name = "Table Tennis Score";
			productName = "Table Tennis Score";
			productReference = E2316565299E3DFB0039F6D4 /* Table Tennis Score.app */;
			productType = "com.apple.product-type.application.watchapp2-container";
		};
		E231656A299E3DFB0039F6D4 /* Table Tennis Score Watch App */ = {
			isa = PBXNativeTarget;
			buildConfigurationList = E231657B299E3DFC0039F6D4 /* Build configuration list for PBXNativeTarget "Table Tennis Score Watch App" */;
			buildPhases = (
				E2316567299E3DFB0039F6D4 /* Sources */,
				E2316568299E3DFB0039F6D4 /* Frameworks */,
				E2316569299E3DFB0039F6D4 /* Resources */,
			);
			buildRules = (
			);
			dependencies = (
			);
			name = "Table Tennis Score Watch App";
			productName = "Table Tennis Score Watch App";
			productReference = E231656B299E3DFB0039F6D4 /* Ping Pong.app */;
			productType = "com.apple.product-type.application";
		};
/* End PBXNativeTarget section */

/* Begin PBXProject section */
		E231655F299E3DFB0039F6D4 /* Project object */ = {
			isa = PBXProject;
			attributes = {
				BuildIndependentTargetsInParallel = 1;
				LastSwiftUpdateCheck = 1420;
				LastUpgradeCheck = 1420;
				TargetAttributes = {
					E2316564299E3DFB0039F6D4 = {
						CreatedOnToolsVersion = 14.2;
					};
					E231656A299E3DFB0039F6D4 = {
						CreatedOnToolsVersion = 14.2;
					};
				};
			};
			buildConfigurationList = E2316562299E3DFB0039F6D4 /* Build configuration list for PBXProject "Table Tennis Score" */;
			compatibilityVersion = "Xcode 14.0";
			developmentRegion = en;
			hasScannedForEncodings = 0;
			knownRegions = (
				en,
				Base,
			);
			mainGroup = E231655E299E3DFB0039F6D4;
			productRefGroup = E2316566299E3DFB0039F6D4 /* Products */;
			projectDirPath = "";
			projectRoot = "";
			targets = (
				E2316564299E3DFB0039F6D4 /* Table Tennis Score */,
				E231656A299E3DFB0039F6D4 /* Table Tennis Score Watch App */,
			);
		};
/* End PBXProject section */

/* Begin PBXResourcesBuildPhase section */
		E2316563299E3DFB0039F6D4 /* Resources */ = {
			isa = PBXResourcesBuildPhase;
			buildActionMask = 2147483647;
			files = (
			);
			runOnlyForDeploymentPostprocessing = 0;
		};
		E2316569299E3DFB0039F6D4 /* Resources */ = {
			isa = PBXResourcesBuildPhase;
			buildActionMask = 2147483647;
			files = (
				E2316578299E3DFC0039F6D4 /* Preview Assets.xcassets in Resources */,
				E2316575299E3DFC0039F6D4 /* Assets.xcassets in Resources */,
			);
			runOnlyForDeploymentPostprocessing = 0;
		};
/* End PBXResourcesBuildPhase section */

/* Begin PBXSourcesBuildPhase section */
		E2316567299E3DFB0039F6D4 /* Sources */ = {
			isa = PBXSourcesBuildPhase;
			buildActionMask = 2147483647;
			files = (
				E2316573299E3DFB0039F6D4 /* ContentView.swift in Sources */,
				E2316583299E49530039F6D4 /* TableTennisScoreRepository.swift in Sources */,
				E2316571299E3DFB0039F6D4 /* Table_Tennis_ScoreApp.swift in Sources */,
			);
			runOnlyForDeploymentPostprocessing = 0;
		};
/* End PBXSourcesBuildPhase section */

/* Begin PBXTargetDependency section */
		E231656E299E3DFB0039F6D4 /* PBXTargetDependency */ = {
			isa = PBXTargetDependency;
			target = E231656A299E3DFB0039F6D4 /* Table Tennis Score Watch App */;
			targetProxy = E231656D299E3DFB0039F6D4 /* PBXContainerItemProxy */;
		};
/* End PBXTargetDependency section */

/* Begin XCBuildConfiguration section */
		E2316579299E3DFC0039F6D4 /* Debug */ = {
			isa = XCBuildConfiguration;
			buildSettings = {
				ALWAYS_SEARCH_USER_PATHS = NO;
				CLANG_ANALYZER_NONNULL = YES;
				CLANG_ANALYZER_NUMBER_OBJECT_CONVERSION = YES_AGGRESSIVE;
				CLANG_CXX_LANGUAGE_STANDARD = "gnu++20";
				CLANG_ENABLE_MODULES = YES;
				CLANG_ENABLE_OBJC_ARC = YES;
				CLANG_ENABLE_OBJC_WEAK = YES;
				CLANG_WARN_BLOCK_CAPTURE_AUTORELEASING = YES;
				CLANG_WARN_BOOL_CONVERSION = YES;
				CLANG_WARN_COMMA = YES;
				CLANG_WARN_CONSTANT_CONVERSION = YES;
				CLANG_WARN_DEPRECATED_OBJC_IMPLEMENTATIONS = YES;
				CLANG_WARN_DIRECT_OBJC_ISA_USAGE = YES_ERROR;
				CLANG_WARN_DOCUMENTATION_COMMENTS = YES;
				CLANG_WARN_EMPTY_BODY = YES;
				CLANG_WARN_ENUM_CONVERSION = YES;
				CLANG_WARN_INFINITE_RECURSION = YES;
				CLANG_WARN_INT_CONVERSION = YES;
				CLANG_WARN_NON_LITERAL_NULL_CONVERSION = YES;
				CLANG_WARN_OBJC_IMPLICIT_RETAIN_SELF = YES;
				CLANG_WARN_OBJC_LITERAL_CONVERSION = YES;
				CLANG_WARN_OBJC_ROOT_CLASS = YES_ERROR;
				CLANG_WARN_QUOTED_INCLUDE_IN_FRAMEWORK_HEADER = YES;
				CLANG_WARN_RANGE_LOOP_ANALYSIS = YES;
				CLANG_WARN_STRICT_PROTOTYPES = YES;
				CLANG_WARN_SUSPICIOUS_MOVE = YES;
				CLANG_WARN_UNGUARDED_AVAILABILITY = YES_AGGRESSIVE;
				CLANG_WARN_UNREACHABLE_CODE = YES;
				CLANG_WARN__DUPLICATE_METHOD_MATCH = YES;
				COPY_PHASE_STRIP = NO;
				DEBUG_INFORMATION_FORMAT = dwarf;
				ENABLE_STRICT_OBJC_MSGSEND = YES;
				ENABLE_TESTABILITY = YES;
				GCC_C_LANGUAGE_STANDARD = gnu11;
				GCC_DYNAMIC_NO_PIC = NO;
				GCC_NO_COMMON_BLOCKS = YES;
				GCC_OPTIMIZATION_LEVEL = 0;
				GCC_PREPROCESSOR_DEFINITIONS = (
					"DEBUG=1",
					"$(inherited)",
				);
				GCC_WARN_64_TO_32_BIT_CONVERSION = YES;
				GCC_WARN_ABOUT_RETURN_TYPE = YES_ERROR;
				GCC_WARN_UNDECLARED_SELECTOR = YES;
				GCC_WARN_UNINITIALIZED_AUTOS = YES_AGGRESSIVE;
				GCC_WARN_UNUSED_FUNCTION = YES;
				GCC_WARN_UNUSED_VARIABLE = YES;
				MTL_ENABLE_DEBUG_INFO = INCLUDE_SOURCE;
				MTL_FAST_MATH = YES;
				ONLY_ACTIVE_ARCH = YES;
				SWIFT_ACTIVE_COMPILATION_CONDITIONS = DEBUG;
				SWIFT_OPTIMIZATION_LEVEL = "-Onone";
			};
			name = Debug;
		};
		E231657A299E3DFC0039F6D4 /* Release */ = {
			isa = XCBuildConfiguration;
			buildSettings = {
				ALWAYS_SEARCH_USER_PATHS = NO;
				CLANG_ANALYZER_NONNULL = YES;
				CLANG_ANALYZER_NUMBER_OBJECT_CONVERSION = YES_AGGRESSIVE;
				CLANG_CXX_LANGUAGE_STANDARD = "gnu++20";
				CLANG_ENABLE_MODULES = YES;
				CLANG_ENABLE_OBJC_ARC = YES;
				CLANG_ENABLE_OBJC_WEAK = YES;
				CLANG_WARN_BLOCK_CAPTURE_AUTORELEASING = YES;
				CLANG_WARN_BOOL_CONVERSION = YES;
				CLANG_WARN_COMMA = YES;
				CLANG_WARN_CONSTANT_CONVERSION = YES;
				CLANG_WARN_DEPRECATED_OBJC_IMPLEMENTATIONS = YES;
				CLANG_WARN_DIRECT_OBJC_ISA_USAGE = YES_ERROR;
				CLANG_WARN_DOCUMENTATION_COMMENTS = YES;
				CLANG_WARN_EMPTY_BODY = YES;
				CLANG_WARN_ENUM_CONVERSION = YES;
				CLANG_WARN_INFINITE_RECURSION = YES;
				CLANG_WARN_INT_CONVERSION = YES;
				CLANG_WARN_NON_LITERAL_NULL_CONVERSION = YES;
				CLANG_WARN_OBJC_IMPLICIT_RETAIN_SELF = YES;
				CLANG_WARN_OBJC_LITERAL_CONVERSION = YES;
				CLANG_WARN_OBJC_ROOT_CLASS = YES_ERROR;
				CLANG_WARN_QUOTED_INCLUDE_IN_FRAMEWORK_HEADER = YES;
				CLANG_WARN_RANGE_LOOP_ANALYSIS = YES;
				CLANG_WARN_STRICT_PROTOTYPES = YES;
				CLANG_WARN_SUSPICIOUS_MOVE = YES;
				CLANG_WARN_UNGUARDED_AVAILABILITY = YES_AGGRESSIVE;
				CLANG_WARN_UNREACHABLE_CODE = YES;
				CLANG_WARN__DUPLICATE_METHOD_MATCH = YES;
				COPY_PHASE_STRIP = NO;
				DEBUG_INFORMATION_FORMAT = "dwarf-with-dsym";
				ENABLE_NS_ASSERTIONS = NO;
				ENABLE_STRICT_OBJC_MSGSEND = YES;
				GCC_C_LANGUAGE_STANDARD = gnu11;
				GCC_NO_COMMON_BLOCKS = YES;
				GCC_WARN_64_TO_32_BIT_CONVERSION = YES;
				GCC_WARN_ABOUT_RETURN_TYPE = YES_ERROR;
				GCC_WARN_UNDECLARED_SELECTOR = YES;
				GCC_WARN_UNINITIALIZED_AUTOS = YES_AGGRESSIVE;
				GCC_WARN_UNUSED_FUNCTION = YES;
				GCC_WARN_UNUSED_VARIABLE = YES;
				MTL_ENABLE_DEBUG_INFO = NO;
				MTL_FAST_MATH = YES;
				SWIFT_COMPILATION_MODE = wholemodule;
				SWIFT_OPTIMIZATION_LEVEL = "-O";
			};
			name = Release;
		};
		E231657C299E3DFC0039F6D4 /* Debug */ = {
			isa = XCBuildConfiguration;
			buildSettings = {
				ASSETCATALOG_COMPILER_APPICON_NAME = AppIcon;
				ASSETCATALOG_COMPILER_GLOBAL_ACCENT_COLOR_NAME = AccentColor;
				CODE_SIGN_IDENTITY = "Apple Development";
				CODE_SIGN_STYLE = Automatic;
				CURRENT_PROJECT_VERSION = 2;
				DEVELOPMENT_ASSET_PATHS = "\"Table Tennis Score Watch App/Preview Content\"";
				DEVELOPMENT_TEAM = FE6WMDZ3AJ;
				ENABLE_PREVIEWS = YES;
				GENERATE_INFOPLIST_FILE = YES;
				INFOPLIST_FILE = "Table-Tennis-Score-Watch-App-Info.plist";
				INFOPLIST_KEY_LSApplicationCategoryType = "";
				INFOPLIST_KEY_UISupportedInterfaceOrientations = "UIInterfaceOrientationPortrait UIInterfaceOrientationPortraitUpsideDown";
				INFOPLIST_KEY_WKWatchOnly = YES;
				LD_RUNPATH_SEARCH_PATHS = (
					"$(inherited)",
					"@executable_path/Frameworks",
				);
				MARKETING_VERSION = 1.0;
				PRODUCT_BUNDLE_IDENTIFIER = "no.tonisucic.Table-Tennis-Score.watchkitapp";
				PRODUCT_NAME = "Ping Pong";
				PROVISIONING_PROFILE_SPECIFIER = "";
				SDKROOT = watchos;
				SKIP_INSTALL = YES;
				SWIFT_EMIT_LOC_STRINGS = YES;
				SWIFT_VERSION = 5.0;
				TARGETED_DEVICE_FAMILY = 4;
				WATCHOS_DEPLOYMENT_TARGET = 9.1;
			};
			name = Debug;
		};
		E231657D299E3DFC0039F6D4 /* Release */ = {
			isa = XCBuildConfiguration;
			buildSettings = {
				ASSETCATALOG_COMPILER_APPICON_NAME = AppIcon;
				ASSETCATALOG_COMPILER_GLOBAL_ACCENT_COLOR_NAME = AccentColor;
				CODE_SIGN_IDENTITY = "Apple Development";
				CODE_SIGN_STYLE = Automatic;
				CURRENT_PROJECT_VERSION = 2;
				DEVELOPMENT_ASSET_PATHS = "\"Table Tennis Score Watch App/Preview Content\"";
				DEVELOPMENT_TEAM = FE6WMDZ3AJ;
				ENABLE_PREVIEWS = YES;
				GENERATE_INFOPLIST_FILE = YES;
				INFOPLIST_FILE = "Table-Tennis-Score-Watch-App-Info.plist";
				INFOPLIST_KEY_LSApplicationCategoryType = "";
				INFOPLIST_KEY_UISupportedInterfaceOrientations = "UIInterfaceOrientationPortrait UIInterfaceOrientationPortraitUpsideDown";
				INFOPLIST_KEY_WKWatchOnly = YES;
				LD_RUNPATH_SEARCH_PATHS = (
					"$(inherited)",
					"@executable_path/Frameworks",
				);
				MARKETING_VERSION = 1.0;
				PRODUCT_BUNDLE_IDENTIFIER = "no.tonisucic.Table-Tennis-Score.watchkitapp";
				PRODUCT_NAME = "Ping Pong";
				PROVISIONING_PROFILE_SPECIFIER = "";
				SDKROOT = watchos;
				SKIP_INSTALL = YES;
				SWIFT_EMIT_LOC_STRINGS = YES;
				SWIFT_VERSION = 5.0;
				TARGETED_DEVICE_FAMILY = 4;
				VALIDATE_PRODUCT = YES;
				WATCHOS_DEPLOYMENT_TARGET = 9.1;
			};
			name = Release;
		};
		E2316580299E3DFC0039F6D4 /* Debug */ = {
			isa = XCBuildConfiguration;
			buildSettings = {
				ALWAYS_EMBED_SWIFT_STANDARD_LIBRARIES = YES;
				CODE_SIGN_STYLE = Automatic;
				CURRENT_PROJECT_VERSION = 1;
				DEVELOPMENT_TEAM = FE6WMDZ3AJ;
				INFOPLIST_KEY_CFBundleDisplayName = "Table Tennis Score";
				MARKETING_VERSION = 1.0;
				PRODUCT_BUNDLE_IDENTIFIER = "no.tonisucic.Table-Tennis-Score";
				PRODUCT_NAME = "$(TARGET_NAME)";
				SDKROOT = iphoneos;
				SWIFT_VERSION = 5.0;
			};
			name = Debug;
		};
		E2316581299E3DFC0039F6D4 /* Release */ = {
			isa = XCBuildConfiguration;
			buildSettings = {
				ALWAYS_EMBED_SWIFT_STANDARD_LIBRARIES = YES;
				CODE_SIGN_STYLE = Automatic;
				CURRENT_PROJECT_VERSION = 1;
				DEVELOPMENT_TEAM = FE6WMDZ3AJ;
				INFOPLIST_KEY_CFBundleDisplayName = "Table Tennis Score";
				MARKETING_VERSION = 1.0;
				PRODUCT_BUNDLE_IDENTIFIER = "no.tonisucic.Table-Tennis-Score";
				PRODUCT_NAME = "$(TARGET_NAME)";
				SDKROOT = iphoneos;
				SWIFT_VERSION = 5.0;
				VALIDATE_PRODUCT = YES;
			};
			name = Release;
		};
/* End XCBuildConfiguration section */

/* Begin XCConfigurationList section */
		E2316562299E3DFB0039F6D4 /* Build configuration list for PBXProject "Table Tennis Score" */ = {
			isa = XCConfigurationList;
			buildConfigurations = (
				E2316579299E3DFC0039F6D4 /* Debug */,
				E231657A299E3DFC0039F6D4 /* Release */,
			);
			defaultConfigurationIsVisible = 0;
			defaultConfigurationName = Release;
		};
		E231657B299E3DFC0039F6D4 /* Build configuration list for PBXNativeTarget "Table Tennis Score Watch App" */ = {
			isa = XCConfigurationList;
			buildConfigurations = (
				E231657C299E3DFC0039F6D4 /* Debug */,
				E231657D299E3DFC0039F6D4 /* Release */,
			);
			defaultConfigurationIsVisible = 0;
			defaultConfigurationName = Release;
		};
		E231657F299E3DFC0039F6D4 /* Build configuration list for PBXNativeTarget "Table Tennis Score" */ = {
			isa = XCConfigurationList;
			buildConfigurations = (
				E2316580299E3DFC0039F6D4 /* Debug */,
				E2316581299E3DFC0039F6D4 /* Release */,
			);
			defaultConfigurationIsVisible = 0;
			defaultConfigurationName = Release;
		};
/* End XCConfigurationList section */
	};
	rootObject = E231655F299E3DFB0039F6D4 /* Project object */;
}
